
Microsoft Visual Studio Solution File, Format Version 12.00
# Visual Studio Version 17
VisualStudioVersion = 17.1.32328.378
MinimumVisualStudioVersion = 10.0.40219.1
Project("{FAE04EC0-301F-11D3-BF4B-00C04F79EFBC}") = "Ex30-06", "Ex30-06\Ex30-06.csproj", "{967C4356-2FBC-45FB-87CC-C38A25FF6A1D}"
EndProject
Global
	GlobalSection(SolutionConfigurationPlatforms) = preSolution
		Debug|Any CPU = Debug|Any CPU
		Release|Any CPU = Release|Any CPU
	EndGlobalSection
	GlobalSection(ProjectConfigurationPlatforms) = postSolution
		{967C4356-2FBC-45FB-87CC-C38A25FF6A1D}.Debug|Any CPU.ActiveCfg = Debug|Any CPU
		{967C4356-2FBC-45FB-87CC-C38A25FF6A1D}.Debug|Any CPU.Build.0 = Debug|Any CPU
		{967C4356-2FBC-45FB-87CC-C38A25FF6A1D}.Release|Any CPU.ActiveCfg = Release|Any CPU
		{967C4356-2FBC-45FB-87CC-C38A25FF6A1D}.Release|Any CPU.Build.0 = Release|Any CPU
	EndGlobalSection
	GlobalSection(SolutionProperties) = preSolution
		HideSolutionNode = FALSE
	EndGlobalSection
	GlobalSection(ExtensibilityGlobals) = postSolution
		SolutionGuid = {1C9EEF56-6F2B-4EFD-8328-5B9A701FD106}
	EndGlobalSection
EndGlobal
